
Microsoft Visual Studio Solution File, Format Version 12.00
# Visual Studio Version 17
VisualStudioVersion = 17.0.32126.317
MinimumVisualStudioVersion = 10.0.40219.1
Project("{FAE04EC0-301F-11D3-BF4B-00C04F79EFBC}") = "CSharpFunctions.Net5", "CSharpFunctions.Net5\CSharpFunctions.Net5.csproj", "{660314F1-755B-4F90-8A2D-7560DA34147D}"
EndProject
Global
	GlobalSection(SolutionConfigurationPlatforms) = preSolution
		Debug|Any CPU = Debug|Any CPU
		Release|Any CPU = Release|Any CPU
	EndGlobalSection
	GlobalSection(ProjectConfigurationPlatforms) = postSolution
		{660314F1-755B-4F90-8A2D-7560DA34147D}.Debug|Any CPU.ActiveCfg = Debug|Any CPU
		{660314F1-755B-4F90-8A2D-7560DA34147D}.Debug|Any CPU.Build.0 = Debug|Any CPU
		{660314F1-755B-4F90-8A2D-7560DA34147D}.Release|Any CPU.ActiveCfg = Release|Any CPU
		{660314F1-755B-4F90-8A2D-7560DA34147D}.Release|Any CPU.Build.0 = Release|Any CPU
	EndGlobalSection
	GlobalSection(SolutionProperties) = preSolution
		HideSolutionNode = FALSE
	EndGlobalSection
	GlobalSection(ExtensibilityGlobals) = postSolution
		SolutionGuid = {D2F1606C-B25B-4320-A433-50A6A951FA22}
	EndGlobalSection
EndGlobal
